
Microsoft Visual Studio Solution File, Format Version 12.00
# Visual Studio Version 17
VisualStudioVersion = 17.7.34018.315
MinimumVisualStudioVersion = 10.0.40219.1
Project("{FAE04EC0-301F-11D3-BF4B-00C04F79EFBC}") = "LSEG_API", "LSEG_API.csproj", "{7C63BDCF-B856-49B5-BBC4-B8980F11EC4E}"
EndProject
Global
	GlobalSection(SolutionConfigurationPlatforms) = preSolution
		Debug|Any CPU = Debug|Any CPU
		Release|Any CPU = Release|Any CPU
	EndGlobalSection
	GlobalSection(ProjectConfigurationPlatforms) = postSolution
		{7C63BDCF-B856-49B5-BBC4-B8980F11EC4E}.Debug|Any CPU.ActiveCfg = Debug|Any CPU
		{7C63BDCF-B856-49B5-BBC4-B8980F11EC4E}.Debug|Any CPU.Build.0 = Debug|Any CPU
		{7C63BDCF-B856-49B5-BBC4-B8980F11EC4E}.Release|Any CPU.ActiveCfg = Release|Any CPU
		{7C63BDCF-B856-49B5-BBC4-B8980F11EC4E}.Release|Any CPU.Build.0 = Release|Any CPU
	EndGlobalSection
	GlobalSection(SolutionProperties) = preSolution
		HideSolutionNode = FALSE
	EndGlobalSection
	GlobalSection(ExtensibilityGlobals) = postSolution
		SolutionGuid = {3D6CFFC3-928C-467A-B2E0-60C49F1B9E45}
	EndGlobalSection
EndGlobal
